
Microsoft Visual Studio Solution File, Format Version 12.00
# Visual Studio 15
Project("{FAE04EC0-301F-11D3-BF4B-00C04F79EFBC}") = "Test", "Test\Test.csproj", "{315B8DD8-160B-4323-B78E-F7F8EAE06D7C}"
EndProject
Global
	GlobalSection(SolutionConfigurationPlatforms) = preSolution
		Debug|iPhoneSimulator = Debug|iPhoneSimulator
		Release|iPhoneSimulator = Release|iPhoneSimulator
		Debug|iPhone = Debug|iPhone
		Release|iPhone = Release|iPhone
	EndGlobalSection
	GlobalSection(ProjectConfigurationPlatforms) = postSolution
		{315B8DD8-160B-4323-B78E-F7F8EAE06D7C}.Debug|iPhoneSimulator.ActiveCfg = Debug|iPhoneSimulator
		{315B8DD8-160B-4323-B78E-F7F8EAE06D7C}.Debug|iPhoneSimulator.Build.0 = Debug|iPhoneSimulator
		{315B8DD8-160B-4323-B78E-F7F8EAE06D7C}.Release|iPhoneSimulator.ActiveCfg = Release|iPhoneSimulator
		{315B8DD8-160B-4323-B78E-F7F8EAE06D7C}.Release|iPhoneSimulator.Build.0 = Release|iPhoneSimulator
		{315B8DD8-160B-4323-B78E-F7F8EAE06D7C}.Debug|iPhone.ActiveCfg = Debug|iPhone
		{315B8DD8-160B-4323-B78E-F7F8EAE06D7C}.Debug|iPhone.Build.0 = Debug|iPhone
		{315B8DD8-160B-4323-B78E-F7F8EAE06D7C}.Release|iPhone.ActiveCfg = Release|iPhone
		{315B8DD8-160B-4323-B78E-F7F8EAE06D7C}.Release|iPhone.Build.0 = Release|iPhone
	EndGlobalSection
EndGlobal
